
Microsoft Visual Studio Solution File, Format Version 12.00
# Visual Studio Version 16
VisualStudioVersion = 16.0.31727.386
MinimumVisualStudioVersion = 10.0.40219.1
Project("{FAE04EC0-301F-11D3-BF4B-00C04F79EFBC}") = "projet_rhinoceros", "projet_rhinoceros.csproj", "{571955B5-A10A-405E-873E-74AC0F9992F1}"
EndProject
Global
	GlobalSection(SolutionConfigurationPlatforms) = preSolution
		Debug|Any CPU = Debug|Any CPU
		Release|Any CPU = Release|Any CPU
	EndGlobalSection
	GlobalSection(ProjectConfigurationPlatforms) = postSolution
		{571955B5-A10A-405E-873E-74AC0F9992F1}.Debug|Any CPU.ActiveCfg = Debug|Any CPU
		{571955B5-A10A-405E-873E-74AC0F9992F1}.Debug|Any CPU.Build.0 = Debug|Any CPU
		{571955B5-A10A-405E-873E-74AC0F9992F1}.Release|Any CPU.ActiveCfg = Release|Any CPU
		{571955B5-A10A-405E-873E-74AC0F9992F1}.Release|Any CPU.Build.0 = Release|Any CPU
	EndGlobalSection
	GlobalSection(SolutionProperties) = preSolution
		HideSolutionNode = FALSE
	EndGlobalSection
	GlobalSection(ExtensibilityGlobals) = postSolution
		SolutionGuid = {A614FD75-2AA5-45D1-A4F9-89A47CC94640}
	EndGlobalSection
EndGlobal
